
Microsoft Visual Studio Solution File, Format Version 12.00
# Visual Studio 2015
Project("{FAE04EC0-301F-11D3-BF4B-00C04F79EFBC}") = "eFollowMeGame.CSharp.Plugins", "eFollowMeGame.CSharp.Plugins.csproj", "{B8EF9D57-47C1-DA6F-1E53-74E4C886E2DA}"
EndProject
Project("{FAE04EC0-301F-11D3-BF4B-00C04F79EFBC}") = "eFollowMeGame.CSharp.Editor", "eFollowMeGame.CSharp.Editor.csproj", "{10A9D2A0-A246-3C48-074F-CB01BE4D5D31}"
EndProject
Global
	GlobalSection(SolutionConfigurationPlatforms) = preSolution
		Debug|Any CPU = Debug|Any CPU
		Release|Any CPU = Release|Any CPU
	EndGlobalSection
	GlobalSection(ProjectConfigurationPlatforms) = postSolution
		{B8EF9D57-47C1-DA6F-1E53-74E4C886E2DA}.Debug|Any CPU.ActiveCfg = Debug|Any CPU
		{B8EF9D57-47C1-DA6F-1E53-74E4C886E2DA}.Debug|Any CPU.Build.0 = Debug|Any CPU
		{B8EF9D57-47C1-DA6F-1E53-74E4C886E2DA}.Release|Any CPU.ActiveCfg = Release|Any CPU
		{B8EF9D57-47C1-DA6F-1E53-74E4C886E2DA}.Release|Any CPU.Build.0 = Release|Any CPU
		{10A9D2A0-A246-3C48-074F-CB01BE4D5D31}.Debug|Any CPU.ActiveCfg = Debug|Any CPU
		{10A9D2A0-A246-3C48-074F-CB01BE4D5D31}.Debug|Any CPU.Build.0 = Debug|Any CPU
		{10A9D2A0-A246-3C48-074F-CB01BE4D5D31}.Release|Any CPU.ActiveCfg = Release|Any CPU
		{10A9D2A0-A246-3C48-074F-CB01BE4D5D31}.Release|Any CPU.Build.0 = Release|Any CPU
	EndGlobalSection
	GlobalSection(SolutionProperties) = preSolution
		HideSolutionNode = FALSE
	EndGlobalSection
EndGlobal
