
Microsoft Visual Studio Solution File, Format Version 11.00
# Visual Studio 2010
Project("{FAE04EC0-301F-11D3-BF4B-00C04F79EFBC}") = "New World Project", "Assembly-CSharp.csproj", "{44A3856D-BAE7-AFC8-8897-01BDF2C6B07F}"
EndProject
Project("{FAE04EC0-301F-11D3-BF4B-00C04F79EFBC}") = "New World Project", "Assembly-CSharp-Editor.csproj", "{BABB6CE7-246D-0104-8C34-BC820587C4C2}"
EndProject
Project("{FAE04EC0-301F-11D3-BF4B-00C04F79EFBC}") = "New World Project", "Assembly-UnityScript.unityproj", "{332B597A-0301-5486-5080-12051666AE1C}"
EndProject
Global
	GlobalSection(SolutionConfigurationPlatforms) = preSolution
		Debug|Any CPU = Debug|Any CPU
		Release|Any CPU = Release|Any CPU
	EndGlobalSection
	GlobalSection(ProjectConfigurationPlatforms) = postSolution
		{44A3856D-BAE7-AFC8-8897-01BDF2C6B07F}.Debug|Any CPU.ActiveCfg = Debug|Any CPU
		{44A3856D-BAE7-AFC8-8897-01BDF2C6B07F}.Debug|Any CPU.Build.0 = Debug|Any CPU
		{44A3856D-BAE7-AFC8-8897-01BDF2C6B07F}.Release|Any CPU.ActiveCfg = Release|Any CPU
		{44A3856D-BAE7-AFC8-8897-01BDF2C6B07F}.Release|Any CPU.Build.0 = Release|Any CPU
		{BABB6CE7-246D-0104-8C34-BC820587C4C2}.Debug|Any CPU.ActiveCfg = Debug|Any CPU
		{BABB6CE7-246D-0104-8C34-BC820587C4C2}.Debug|Any CPU.Build.0 = Debug|Any CPU
		{BABB6CE7-246D-0104-8C34-BC820587C4C2}.Release|Any CPU.ActiveCfg = Release|Any CPU
		{BABB6CE7-246D-0104-8C34-BC820587C4C2}.Release|Any CPU.Build.0 = Release|Any CPU
		{332B597A-0301-5486-5080-12051666AE1C}.Debug|Any CPU.ActiveCfg = Debug|Any CPU
		{332B597A-0301-5486-5080-12051666AE1C}.Debug|Any CPU.Build.0 = Debug|Any CPU
		{332B597A-0301-5486-5080-12051666AE1C}.Release|Any CPU.ActiveCfg = Release|Any CPU
		{332B597A-0301-5486-5080-12051666AE1C}.Release|Any CPU.Build.0 = Release|Any CPU
	EndGlobalSection
	GlobalSection(SolutionProperties) = preSolution
		HideSolutionNode = FALSE
	EndGlobalSection
	GlobalSection(MonoDevelopProperties) = preSolution
		StartupItem = Assembly-CSharp.csproj
	EndGlobalSection
EndGlobal
