Microsoft Visual Studio Solution File, Format Version 11.00
# Visual Studio 2008

Project("{421B47FF-D946-CA08-3B65-CD668C6B17E6}") = "video", "Assembly-CSharp.csproj", "{7D0F69DC-EE5B-5A7D-5913-2786D04801C0}"
EndProject
Global
	GlobalSection(SolutionConfigurationPlatforms) = preSolution
		Debug|Any CPU = Debug|Any CPU
		Release|Any CPU = Release|Any CPU
	EndGlobalSection
	GlobalSection(ProjectConfigurationPlatforms) = postSolution
		{7D0F69DC-EE5B-5A7D-5913-2786D04801C0}.Debug|Any CPU.ActiveCfg = Debug|Any CPU
		{7D0F69DC-EE5B-5A7D-5913-2786D04801C0}.Debug|Any CPU.Build.0 = Debug|Any CPU
		{7D0F69DC-EE5B-5A7D-5913-2786D04801C0}.Release|Any CPU.ActiveCfg = Release|Any CPU
		{7D0F69DC-EE5B-5A7D-5913-2786D04801C0}.Release|Any CPU.Build.0 = Release|Any CPU
	EndGlobalSection
	GlobalSection(SolutionProperties) = preSolution
		HideSolutionNode = FALSE
	EndGlobalSection
	GlobalSection(MonoDevelopProperties) = preSolution
		StartupItem = Assembly-CSharp.csproj
	EndGlobalSection
EndGlobal
