
Microsoft Visual Studio Solution File, Format Version 12.00
# Visual Studio 2015
Project("{FAE04EC0-301F-11D3-BF4B-00C04F79EFBC}") = "eFollowMeGame V0.1a.CSharp.Plugins", "eFollowMeGame V0.1a.CSharp.Plugins.csproj", "{FC0F0E2A-C984-E44E-7D94-A9F0E5BB9950}"
EndProject
Project("{FAE04EC0-301F-11D3-BF4B-00C04F79EFBC}") = "eFollowMeGame V0.1a.CSharp", "eFollowMeGame V0.1a.CSharp.csproj", "{25314E33-0456-FF2A-84EC-303807E6820B}"
EndProject
Project("{FAE04EC0-301F-11D3-BF4B-00C04F79EFBC}") = "eFollowMeGame V0.1a.CSharp.Editor", "eFollowMeGame V0.1a.CSharp.Editor.csproj", "{72E86461-98C5-990D-510B-337571D8E0D2}"
EndProject
Global
	GlobalSection(SolutionConfigurationPlatforms) = preSolution
		Debug|Any CPU = Debug|Any CPU
		Release|Any CPU = Release|Any CPU
	EndGlobalSection
	GlobalSection(ProjectConfigurationPlatforms) = postSolution
		{FC0F0E2A-C984-E44E-7D94-A9F0E5BB9950}.Debug|Any CPU.ActiveCfg = Debug|Any CPU
		{FC0F0E2A-C984-E44E-7D94-A9F0E5BB9950}.Debug|Any CPU.Build.0 = Debug|Any CPU
		{FC0F0E2A-C984-E44E-7D94-A9F0E5BB9950}.Release|Any CPU.ActiveCfg = Release|Any CPU
		{FC0F0E2A-C984-E44E-7D94-A9F0E5BB9950}.Release|Any CPU.Build.0 = Release|Any CPU
		{25314E33-0456-FF2A-84EC-303807E6820B}.Debug|Any CPU.ActiveCfg = Debug|Any CPU
		{25314E33-0456-FF2A-84EC-303807E6820B}.Debug|Any CPU.Build.0 = Debug|Any CPU
		{25314E33-0456-FF2A-84EC-303807E6820B}.Release|Any CPU.ActiveCfg = Release|Any CPU
		{25314E33-0456-FF2A-84EC-303807E6820B}.Release|Any CPU.Build.0 = Release|Any CPU
		{72E86461-98C5-990D-510B-337571D8E0D2}.Debug|Any CPU.ActiveCfg = Debug|Any CPU
		{72E86461-98C5-990D-510B-337571D8E0D2}.Debug|Any CPU.Build.0 = Debug|Any CPU
		{72E86461-98C5-990D-510B-337571D8E0D2}.Release|Any CPU.ActiveCfg = Release|Any CPU
		{72E86461-98C5-990D-510B-337571D8E0D2}.Release|Any CPU.Build.0 = Release|Any CPU
	EndGlobalSection
	GlobalSection(SolutionProperties) = preSolution
		HideSolutionNode = FALSE
	EndGlobalSection
EndGlobal
